// !$*UTF8*$!
{
	archiveVersion = 1;
	classes = {
	};
	objectVersion = 56;
	objects = {

/* Begin PBXBuildFile section */
		44198C062A3A6C8B004F22D5 /* EalainView.swift in Sources */ = {isa = PBXBuildFile; fileRef = 44198C052A3A6C8B004F22D5 /* EalainView.swift */; };
		44198C102A3A6D76004F22D5 /* AppDelegate.swift in Sources */ = {isa = PBXBuildFile; fileRef = 44198C0F2A3A6D76004F22D5 /* AppDelegate.swift */; };
		44198C122A3A6D78004F22D5 /* Assets.xcassets in Resources */ = {isa = PBXBuildFile; fileRef = 44198C112A3A6D78004F22D5 /* Assets.xcassets */; };
		44198C152A3A6D78004F22D5 /* MainMenu.xib in Resources */ = {isa = PBXBuildFile; fileRef = 44198C132A3A6D78004F22D5 /* MainMenu.xib */; };
		44198C1B2A3A6D99004F22D5 /* PreviewViewController.swift in Sources */ = {isa = PBXBuildFile; fileRef = 44198C1A2A3A6D99004F22D5 /* PreviewViewController.swift */; };
		44198C1C2A3A6DB1004F22D5 /* EalainView.swift in Sources */ = {isa = PBXBuildFile; fileRef = 44198C052A3A6C8B004F22D5 /* EalainView.swift */; };
		44198C1E2A3A6E66004F22D5 /* EalainImageView.swift in Sources */ = {isa = PBXBuildFile; fileRef = 44198C1D2A3A6E66004F22D5 /* EalainImageView.swift */; };
		44198C1F2A3A6E66004F22D5 /* EalainImageView.swift in Sources */ = {isa = PBXBuildFile; fileRef = 44198C1D2A3A6E66004F22D5 /* EalainImageView.swift */; };
		44198C202A3BC6EB004F22D5 /* Assets.xcassets in Resources */ = {isa = PBXBuildFile; fileRef = 44198C112A3A6D78004F22D5 /* Assets.xcassets */; };
		443AA5A82D580C2D0034A27F /* ConfigureSheetController.swift in Sources */ = {isa = PBXBuildFile; fileRef = 443AA5A72D580C2D0034A27F /* ConfigureSheetController.swift */; };
		443AA5A92D580C2D0034A27F /* ConfigureSheet.xib in Resources */ = {isa = PBXBuildFile; fileRef = 443AA5A62D580C2D0034A27F /* ConfigureSheet.xib */; };
		443AA5AA2D580C2D0034A27F /* ConfigureSheetController.swift in Sources */ = {isa = PBXBuildFile; fileRef = 443AA5A72D580C2D0034A27F /* ConfigureSheetController.swift */; };
		443AA5AB2D580C2D0034A27F /* ConfigureSheet.xib in Resources */ = {isa = PBXBuildFile; fileRef = 443AA5A62D580C2D0034A27F /* ConfigureSheet.xib */; };
		443AA5AD2D580C6E0034A27F /* URLType.swift in Sources */ = {isa = PBXBuildFile; fileRef = 443AA5AC2D580C6E0034A27F /* URLType.swift */; };
		443AA5AE2D580C6E0034A27F /* URLType.swift in Sources */ = {isa = PBXBuildFile; fileRef = 443AA5AC2D580C6E0034A27F /* URLType.swift */; };
		44B823552D4F3662007FA594 /* Logging.swift in Sources */ = {isa = PBXBuildFile; fileRef = 44B823542D4F3662007FA594 /* Logging.swift */; };
		44B823562D4F3662007FA594 /* Logging.swift in Sources */ = {isa = PBXBuildFile; fileRef = 44B823542D4F3662007FA594 /* Logging.swift */; };
		44B8235C2D4F3B75007FA594 /* HordeModels.swift in Sources */ = {isa = PBXBuildFile; fileRef = 44B823582D4F3B75007FA594 /* HordeModels.swift */; };
		44B8235D2D4F3B75007FA594 /* HordeAPI.swift in Sources */ = {isa = PBXBuildFile; fileRef = 44B823572D4F3B75007FA594 /* HordeAPI.swift */; };
		44B8235F2D4F3B75007FA594 /* HordeModels.swift in Sources */ = {isa = PBXBuildFile; fileRef = 44B823582D4F3B75007FA594 /* HordeModels.swift */; };
		44B823602D4F3B75007FA594 /* HordeAPI.swift in Sources */ = {isa = PBXBuildFile; fileRef = 44B823572D4F3B75007FA594 /* HordeAPI.swift */; };
/* End PBXBuildFile section */

/* Begin PBXFileReference section */
		44198BF92A3A6BB7004F22D5 /* Ealain.saver */ = {isa = PBXFileReference; explicitFileType = wrapper.cfbundle; includeInIndex = 0; path = Ealain.saver; sourceTree = BUILT_PRODUCTS_DIR; };
		44198C052A3A6C8B004F22D5 /* EalainView.swift */ = {isa = PBXFileReference; lastKnownFileType = sourcecode.swift; path = EalainView.swift; sourceTree = "<group>"; };
		44198C0D2A3A6D76004F22D5 /* Preview.app */ = {isa = PBXFileReference; explicitFileType = wrapper.application; includeInIndex = 0; path = Preview.app; sourceTree = BUILT_PRODUCTS_DIR; };
		44198C0F2A3A6D76004F22D5 /* AppDelegate.swift */ = {isa = PBXFileReference; lastKnownFileType = sourcecode.swift; path = AppDelegate.swift; sourceTree = "<group>"; };
		44198C112A3A6D78004F22D5 /* Assets.xcassets */ = {isa = PBXFileReference; lastKnownFileType = folder.assetcatalog; path = Assets.xcassets; sourceTree = "<group>"; };
		44198C142A3A6D78004F22D5 /* Base */ = {isa = PBXFileReference; lastKnownFileType = file.xib; name = Base; path = Base.lproj/MainMenu.xib; sourceTree = "<group>"; };
		44198C162A3A6D78004F22D5 /* Preview.entitlements */ = {isa = PBXFileReference; lastKnownFileType = text.plist.entitlements; path = Preview.entitlements; sourceTree = "<group>"; };
		44198C1A2A3A6D99004F22D5 /* PreviewViewController.swift */ = {isa = PBXFileReference; lastKnownFileType = sourcecode.swift; path = PreviewViewController.swift; sourceTree = "<group>"; };
		44198C1D2A3A6E66004F22D5 /* EalainImageView.swift */ = {isa = PBXFileReference; lastKnownFileType = sourcecode.swift; path = EalainImageView.swift; sourceTree = "<group>"; };
		443AA5A62D580C2D0034A27F /* ConfigureSheet.xib */ = {isa = PBXFileReference; lastKnownFileType = file.xib; path = ConfigureSheet.xib; sourceTree = "<group>"; };
		443AA5A72D580C2D0034A27F /* ConfigureSheetController.swift */ = {isa = PBXFileReference; lastKnownFileType = sourcecode.swift; path = ConfigureSheetController.swift; sourceTree = "<group>"; };
		443AA5AC2D580C6E0034A27F /* URLType.swift */ = {isa = PBXFileReference; lastKnownFileType = sourcecode.swift; path = URLType.swift; sourceTree = "<group>"; };
		44B823542D4F3662007FA594 /* Logging.swift */ = {isa = PBXFileReference; lastKnownFileType = sourcecode.swift; path = Logging.swift; sourceTree = "<group>"; };
		44B823572D4F3B75007FA594 /* HordeAPI.swift */ = {isa = PBXFileReference; lastKnownFileType = sourcecode.swift; path = HordeAPI.swift; sourceTree = "<group>"; };
		44B823582D4F3B75007FA594 /* HordeModels.swift */ = {isa = PBXFileReference; lastKnownFileType = sourcecode.swift; path = HordeModels.swift; sourceTree = "<group>"; };
/* End PBXFileReference section */

/* Begin PBXFrameworksBuildPhase section */
		44198BF62A3A6BB7004F22D5 /* Frameworks */ = {
			isa = PBXFrameworksBuildPhase;
			buildActionMask = 2147483647;
			files = (
			);
			runOnlyForDeploymentPostprocessing = 0;
		};
		44198C0A2A3A6D76004F22D5 /* Frameworks */ = {
			isa = PBXFrameworksBuildPhase;
			buildActionMask = 2147483647;
			files = (
			);
			runOnlyForDeploymentPostprocessing = 0;
		};
/* End PBXFrameworksBuildPhase section */

/* Begin PBXGroup section */
		44198BEF2A3A6BB7004F22D5 = {
			isa = PBXGroup;
			children = (
				44198C112A3A6D78004F22D5 /* Assets.xcassets */,
				44198BFB2A3A6BB7004F22D5 /* Ealain */,
				44198C0E2A3A6D76004F22D5 /* Preview */,
				44198BFA2A3A6BB7004F22D5 /* Products */,
			);
			sourceTree = "<group>";
		};
		44198BFA2A3A6BB7004F22D5 /* Products */ = {
			isa = PBXGroup;
			children = (
				44198BF92A3A6BB7004F22D5 /* Ealain.saver */,
				44198C0D2A3A6D76004F22D5 /* Preview.app */,
			);
			name = Products;
			sourceTree = "<group>";
		};
		44198BFB2A3A6BB7004F22D5 /* Ealain */ = {
			isa = PBXGroup;
			children = (
				443AA5AF2D580E020034A27F /* ConfigureSheet */,
				44198C052A3A6C8B004F22D5 /* EalainView.swift */,
				44B8235A2D4F3B75007FA594 /* Horde API */,
				44B823542D4F3662007FA594 /* Logging.swift */,
				44198C1D2A3A6E66004F22D5 /* EalainImageView.swift */,
			);
			path = Ealain;
			sourceTree = "<group>";
		};
		44198C0E2A3A6D76004F22D5 /* Preview */ = {
			isa = PBXGroup;
			children = (
				44198C0F2A3A6D76004F22D5 /* AppDelegate.swift */,
				44198C132A3A6D78004F22D5 /* MainMenu.xib */,
				44198C162A3A6D78004F22D5 /* Preview.entitlements */,
				44198C1A2A3A6D99004F22D5 /* PreviewViewController.swift */,
			);
			path = Preview;
			sourceTree = "<group>";
		};
		443AA5AF2D580E020034A27F /* ConfigureSheet */ = {
			isa = PBXGroup;
			children = (
				443AA5AC2D580C6E0034A27F /* URLType.swift */,
				443AA5A62D580C2D0034A27F /* ConfigureSheet.xib */,
				443AA5A72D580C2D0034A27F /* ConfigureSheetController.swift */,
			);
			path = ConfigureSheet;
			sourceTree = "<group>";
		};
		44B8235A2D4F3B75007FA594 /* Horde API */ = {
			isa = PBXGroup;
			children = (
				44B823572D4F3B75007FA594 /* HordeAPI.swift */,
				44B823582D4F3B75007FA594 /* HordeModels.swift */,
			);
			path = "Horde API";
			sourceTree = "<group>";
		};
/* End PBXGroup section */

/* Begin PBXHeadersBuildPhase section */
		44198BF42A3A6BB7004F22D5 /* Headers */ = {
			isa = PBXHeadersBuildPhase;
			buildActionMask = 2147483647;
			files = (
			);
			runOnlyForDeploymentPostprocessing = 0;
		};
/* End PBXHeadersBuildPhase section */

/* Begin PBXNativeTarget section */
		44198BF82A3A6BB7004F22D5 /* Ealain */ = {
			isa = PBXNativeTarget;
			buildConfigurationList = 44198C022A3A6BB7004F22D5 /* Build configuration list for PBXNativeTarget "Ealain" */;
			buildPhases = (
				44198BF42A3A6BB7004F22D5 /* Headers */,
				44198BF52A3A6BB7004F22D5 /* Sources */,
				44198BF62A3A6BB7004F22D5 /* Frameworks */,
				44198BF72A3A6BB7004F22D5 /* Resources */,
			);
			buildRules = (
			);
			dependencies = (
			);
			name = Ealain;
			productName = Ealain;
			productReference = 44198BF92A3A6BB7004F22D5 /* Ealain.saver */;
			productType = "com.apple.product-type.bundle";
		};
		44198C0C2A3A6D76004F22D5 /* Preview */ = {
			isa = PBXNativeTarget;
			buildConfigurationList = 44198C172A3A6D78004F22D5 /* Build configuration list for PBXNativeTarget "Preview" */;
			buildPhases = (
				44198C092A3A6D76004F22D5 /* Sources */,
				44198C0A2A3A6D76004F22D5 /* Frameworks */,
				44198C0B2A3A6D76004F22D5 /* Resources */,
			);
			buildRules = (
			);
			dependencies = (
			);
			name = Preview;
			productName = Preview;
			productReference = 44198C0D2A3A6D76004F22D5 /* Preview.app */;
			productType = "com.apple.product-type.application";
		};
/* End PBXNativeTarget section */

/* Begin PBXProject section */
		44198BF02A3A6BB7004F22D5 /* Project object */ = {
			isa = PBXProject;
			attributes = {
				BuildIndependentTargetsInParallel = 1;
				LastSwiftUpdateCheck = 1430;
				LastUpgradeCheck = 1620;
				TargetAttributes = {
					44198BF82A3A6BB7004F22D5 = {
						CreatedOnToolsVersion = 14.3;
						LastSwiftMigration = 1430;
					};
					44198C0C2A3A6D76004F22D5 = {
						CreatedOnToolsVersion = 14.3;
					};
				};
			};
			buildConfigurationList = 44198BF32A3A6BB7004F22D5 /* Build configuration list for PBXProject "Ealain" */;
			compatibilityVersion = "Xcode 14.0";
			developmentRegion = en;
			hasScannedForEncodings = 0;
			knownRegions = (
				en,
				Base,
			);
			mainGroup = 44198BEF2A3A6BB7004F22D5;
			productRefGroup = 44198BFA2A3A6BB7004F22D5 /* Products */;
			projectDirPath = "";
			projectRoot = "";
			targets = (
				44198BF82A3A6BB7004F22D5 /* Ealain */,
				44198C0C2A3A6D76004F22D5 /* Preview */,
			);
		};
/* End PBXProject section */

/* Begin PBXResourcesBuildPhase section */
		44198BF72A3A6BB7004F22D5 /* Resources */ = {
			isa = PBXResourcesBuildPhase;
			buildActionMask = 2147483647;
			files = (
				443AA5A92D580C2D0034A27F /* ConfigureSheet.xib in Resources */,
				44198C202A3BC6EB004F22D5 /* Assets.xcassets in Resources */,
			);
			runOnlyForDeploymentPostprocessing = 0;
		};
		44198C0B2A3A6D76004F22D5 /* Resources */ = {
			isa = PBXResourcesBuildPhase;
			buildActionMask = 2147483647;
			files = (
				44198C122A3A6D78004F22D5 /* Assets.xcassets in Resources */,
				44198C152A3A6D78004F22D5 /* MainMenu.xib in Resources */,
				443AA5AB2D580C2D0034A27F /* ConfigureSheet.xib in Resources */,
			);
			runOnlyForDeploymentPostprocessing = 0;
		};
/* End PBXResourcesBuildPhase section */

/* Begin PBXSourcesBuildPhase section */
		44198BF52A3A6BB7004F22D5 /* Sources */ = {
			isa = PBXSourcesBuildPhase;
			buildActionMask = 2147483647;
			files = (
				44198C062A3A6C8B004F22D5 /* EalainView.swift in Sources */,
				44B823562D4F3662007FA594 /* Logging.swift in Sources */,
				44198C1E2A3A6E66004F22D5 /* EalainImageView.swift in Sources */,
				443AA5AD2D580C6E0034A27F /* URLType.swift in Sources */,
				44B8235C2D4F3B75007FA594 /* HordeModels.swift in Sources */,
				443AA5A82D580C2D0034A27F /* ConfigureSheetController.swift in Sources */,
				44B8235D2D4F3B75007FA594 /* HordeAPI.swift in Sources */,
			);
			runOnlyForDeploymentPostprocessing = 0;
		};
		44198C092A3A6D76004F22D5 /* Sources */ = {
			isa = PBXSourcesBuildPhase;
			buildActionMask = 2147483647;
			files = (
				443AA5AA2D580C2D0034A27F /* ConfigureSheetController.swift in Sources */,
				443AA5AE2D580C6E0034A27F /* URLType.swift in Sources */,
				44198C1C2A3A6DB1004F22D5 /* EalainView.swift in Sources */,
				44B823552D4F3662007FA594 /* Logging.swift in Sources */,
				44198C1F2A3A6E66004F22D5 /* EalainImageView.swift in Sources */,
				44B8235F2D4F3B75007FA594 /* HordeModels.swift in Sources */,
				44B823602D4F3B75007FA594 /* HordeAPI.swift in Sources */,
				44198C102A3A6D76004F22D5 /* AppDelegate.swift in Sources */,
				44198C1B2A3A6D99004F22D5 /* PreviewViewController.swift in Sources */,
			);
			runOnlyForDeploymentPostprocessing = 0;
		};
/* End PBXSourcesBuildPhase section */

/* Begin PBXVariantGroup section */
		44198C132A3A6D78004F22D5 /* MainMenu.xib */ = {
			isa = PBXVariantGroup;
			children = (
				44198C142A3A6D78004F22D5 /* Base */,
			);
			name = MainMenu.xib;
			sourceTree = "<group>";
		};
/* End PBXVariantGroup section */

/* Begin XCBuildConfiguration section */
		44198C002A3A6BB7004F22D5 /* Debug */ = {
			isa = XCBuildConfiguration;
			buildSettings = {
				ALWAYS_SEARCH_USER_PATHS = NO;
				CLANG_ANALYZER_NONNULL = YES;
				CLANG_ANALYZER_NUMBER_OBJECT_CONVERSION = YES_AGGRESSIVE;
				CLANG_CXX_LANGUAGE_STANDARD = "gnu++20";
				CLANG_ENABLE_MODULES = YES;
				CLANG_ENABLE_OBJC_ARC = YES;
				CLANG_ENABLE_OBJC_WEAK = YES;
				CLANG_WARN_BLOCK_CAPTURE_AUTORELEASING = YES;
				CLANG_WARN_BOOL_CONVERSION = YES;
				CLANG_WARN_COMMA = YES;
				CLANG_WARN_CONSTANT_CONVERSION = YES;
				CLANG_WARN_DEPRECATED_OBJC_IMPLEMENTATIONS = YES;
				CLANG_WARN_DIRECT_OBJC_ISA_USAGE = YES_ERROR;
				CLANG_WARN_DOCUMENTATION_COMMENTS = YES;
				CLANG_WARN_EMPTY_BODY = YES;
				CLANG_WARN_ENUM_CONVERSION = YES;
				CLANG_WARN_INFINITE_RECURSION = YES;
				CLANG_WARN_INT_CONVERSION = YES;
				CLANG_WARN_NON_LITERAL_NULL_CONVERSION = YES;
				CLANG_WARN_OBJC_IMPLICIT_RETAIN_SELF = YES;
				CLANG_WARN_OBJC_LITERAL_CONVERSION = YES;
				CLANG_WARN_OBJC_ROOT_CLASS = YES_ERROR;
				CLANG_WARN_QUOTED_INCLUDE_IN_FRAMEWORK_HEADER = YES;
				CLANG_WARN_RANGE_LOOP_ANALYSIS = YES;
				CLANG_WARN_STRICT_PROTOTYPES = YES;
				CLANG_WARN_SUSPICIOUS_MOVE = YES;
				CLANG_WARN_UNGUARDED_AVAILABILITY = YES_AGGRESSIVE;
				CLANG_WARN_UNREACHABLE_CODE = YES;
				CLANG_WARN__DUPLICATE_METHOD_MATCH = YES;
				COPY_PHASE_STRIP = NO;
				DEAD_CODE_STRIPPING = YES;
				DEBUG_INFORMATION_FORMAT = dwarf;
				ENABLE_STRICT_OBJC_MSGSEND = YES;
				ENABLE_TESTABILITY = YES;
				ENABLE_USER_SCRIPT_SANDBOXING = YES;
				GCC_C_LANGUAGE_STANDARD = gnu11;
				GCC_DYNAMIC_NO_PIC = NO;
				GCC_NO_COMMON_BLOCKS = YES;
				GCC_OPTIMIZATION_LEVEL = 0;
				GCC_PREPROCESSOR_DEFINITIONS = (
					"DEBUG=1",
					"$(inherited)",
				);
				GCC_WARN_64_TO_32_BIT_CONVERSION = YES;
				GCC_WARN_ABOUT_RETURN_TYPE = YES_ERROR;
				GCC_WARN_UNDECLARED_SELECTOR = YES;
				GCC_WARN_UNINITIALIZED_AUTOS = YES_AGGRESSIVE;
				GCC_WARN_UNUSED_FUNCTION = YES;
				GCC_WARN_UNUSED_VARIABLE = YES;
				MACOSX_DEPLOYMENT_TARGET = 13.3;
				MTL_ENABLE_DEBUG_INFO = INCLUDE_SOURCE;
				MTL_FAST_MATH = YES;
				ONLY_ACTIVE_ARCH = YES;
				SDKROOT = macosx;
			};
			name = Debug;
		};
		44198C012A3A6BB7004F22D5 /* Release */ = {
			isa = XCBuildConfiguration;
			buildSettings = {
				ALWAYS_SEARCH_USER_PATHS = NO;
				CLANG_ANALYZER_NONNULL = YES;
				CLANG_ANALYZER_NUMBER_OBJECT_CONVERSION = YES_AGGRESSIVE;
				CLANG_CXX_LANGUAGE_STANDARD = "gnu++20";
				CLANG_ENABLE_MODULES = YES;
				CLANG_ENABLE_OBJC_ARC = YES;
				CLANG_ENABLE_OBJC_WEAK = YES;
				CLANG_WARN_BLOCK_CAPTURE_AUTORELEASING = YES;
				CLANG_WARN_BOOL_CONVERSION = YES;
				CLANG_WARN_COMMA = YES;
				CLANG_WARN_CONSTANT_CONVERSION = YES;
				CLANG_WARN_DEPRECATED_OBJC_IMPLEMENTATIONS = YES;
				CLANG_WARN_DIRECT_OBJC_ISA_USAGE = YES_ERROR;
				CLANG_WARN_DOCUMENTATION_COMMENTS = YES;
				CLANG_WARN_EMPTY_BODY = YES;
				CLANG_WARN_ENUM_CONVERSION = YES;
				CLANG_WARN_INFINITE_RECURSION = YES;
				CLANG_WARN_INT_CONVERSION = YES;
				CLANG_WARN_NON_LITERAL_NULL_CONVERSION = YES;
				CLANG_WARN_OBJC_IMPLICIT_RETAIN_SELF = YES;
				CLANG_WARN_OBJC_LITERAL_CONVERSION = YES;
				CLANG_WARN_OBJC_ROOT_CLASS = YES_ERROR;
				CLANG_WARN_QUOTED_INCLUDE_IN_FRAMEWORK_HEADER = YES;
				CLANG_WARN_RANGE_LOOP_ANALYSIS = YES;
				CLANG_WARN_STRICT_PROTOTYPES = YES;
				CLANG_WARN_SUSPICIOUS_MOVE = YES;
				CLANG_WARN_UNGUARDED_AVAILABILITY = YES_AGGRESSIVE;
				CLANG_WARN_UNREACHABLE_CODE = YES;
				CLANG_WARN__DUPLICATE_METHOD_MATCH = YES;
				COPY_PHASE_STRIP = NO;
				DEAD_CODE_STRIPPING = YES;
				DEBUG_INFORMATION_FORMAT = "dwarf-with-dsym";
				ENABLE_NS_ASSERTIONS = NO;
				ENABLE_STRICT_OBJC_MSGSEND = YES;
				ENABLE_USER_SCRIPT_SANDBOXING = YES;
				GCC_C_LANGUAGE_STANDARD = gnu11;
				GCC_NO_COMMON_BLOCKS = YES;
				GCC_WARN_64_TO_32_BIT_CONVERSION = YES;
				GCC_WARN_ABOUT_RETURN_TYPE = YES_ERROR;
				GCC_WARN_UNDECLARED_SELECTOR = YES;
				GCC_WARN_UNINITIALIZED_AUTOS = YES_AGGRESSIVE;
				GCC_WARN_UNUSED_FUNCTION = YES;
				GCC_WARN_UNUSED_VARIABLE = YES;
				MACOSX_DEPLOYMENT_TARGET = 13.3;
				MTL_ENABLE_DEBUG_INFO = NO;
				MTL_FAST_MATH = YES;
				SDKROOT = macosx;
				SWIFT_COMPILATION_MODE = wholemodule;
			};
			name = Release;
		};
		44198C032A3A6BB7004F22D5 /* Debug */ = {
			isa = XCBuildConfiguration;
			buildSettings = {
				CLANG_ENABLE_MODULES = YES;
				CODE_SIGN_STYLE = Automatic;
				COMBINE_HIDPI_IMAGES = YES;
				CURRENT_PROJECT_VERSION = 1;
				DEAD_CODE_STRIPPING = YES;
				DEVELOPMENT_TEAM = 2Y9M69QJKZ;
				GENERATE_INFOPLIST_FILE = YES;
				INFOPLIST_KEY_NSHumanReadableCopyright = "";
				INFOPLIST_KEY_NSPrincipalClass = EalainView;
				INSTALL_PATH = "$(HOME)/Library/Screen Savers";
				MARKETING_VERSION = 1.0;
				PRODUCT_BUNDLE_IDENTIFIER = net.amiantos.Ealain;
				PRODUCT_NAME = "$(TARGET_NAME)";
				SWIFT_EMIT_LOC_STRINGS = YES;
				SWIFT_OPTIMIZATION_LEVEL = "-Onone";
				SWIFT_VERSION = 5.0;
				WRAPPER_EXTENSION = saver;
			};
			name = Debug;
		};
		44198C042A3A6BB7004F22D5 /* Release */ = {
			isa = XCBuildConfiguration;
			buildSettings = {
				CLANG_ENABLE_MODULES = YES;
				CODE_SIGN_STYLE = Automatic;
				COMBINE_HIDPI_IMAGES = YES;
				CURRENT_PROJECT_VERSION = 1;
				DEAD_CODE_STRIPPING = YES;
				DEVELOPMENT_TEAM = 2Y9M69QJKZ;
				GENERATE_INFOPLIST_FILE = YES;
				INFOPLIST_KEY_NSHumanReadableCopyright = "";
				INFOPLIST_KEY_NSPrincipalClass = EalainView;
				INSTALL_PATH = "$(HOME)/Library/Screen Savers";
				MARKETING_VERSION = 1.0;
				PRODUCT_BUNDLE_IDENTIFIER = net.amiantos.Ealain;
				PRODUCT_NAME = "$(TARGET_NAME)";
				SWIFT_EMIT_LOC_STRINGS = YES;
				SWIFT_VERSION = 5.0;
				WRAPPER_EXTENSION = saver;
			};
			name = Release;
		};
		44198C182A3A6D78004F22D5 /* Debug */ = {
			isa = XCBuildConfiguration;
			buildSettings = {
				ASSETCATALOG_COMPILER_APPICON_NAME = AppIcon;
				ASSETCATALOG_COMPILER_GLOBAL_ACCENT_COLOR_NAME = AccentColor;
				CODE_SIGN_ENTITLEMENTS = Preview/Preview.entitlements;
				CODE_SIGN_STYLE = Automatic;
				COMBINE_HIDPI_IMAGES = YES;
				CURRENT_PROJECT_VERSION = 1;
				DEAD_CODE_STRIPPING = YES;
				DEVELOPMENT_TEAM = 2Y9M69QJKZ;
				ENABLE_HARDENED_RUNTIME = YES;
				GENERATE_INFOPLIST_FILE = YES;
				INFOPLIST_KEY_NSHumanReadableCopyright = "";
				INFOPLIST_KEY_NSMainNibFile = MainMenu;
				INFOPLIST_KEY_NSPrincipalClass = NSApplication;
				LD_RUNPATH_SEARCH_PATHS = (
					"$(inherited)",
					"@executable_path/../Frameworks",
				);
				MARKETING_VERSION = 1.0;
				PRODUCT_BUNDLE_IDENTIFIER = net.amiantos.Preview;
				PRODUCT_NAME = "$(TARGET_NAME)";
				SWIFT_ACTIVE_COMPILATION_CONDITIONS = DEBUG;
				SWIFT_EMIT_LOC_STRINGS = YES;
				SWIFT_OPTIMIZATION_LEVEL = "-Onone";
				SWIFT_VERSION = 5.0;
			};
			name = Debug;
		};
		44198C192A3A6D78004F22D5 /* Release */ = {
			isa = XCBuildConfiguration;
			buildSettings = {
				ASSETCATALOG_COMPILER_APPICON_NAME = AppIcon;
				ASSETCATALOG_COMPILER_GLOBAL_ACCENT_COLOR_NAME = AccentColor;
				CODE_SIGN_ENTITLEMENTS = Preview/Preview.entitlements;
				CODE_SIGN_STYLE = Automatic;
				COMBINE_HIDPI_IMAGES = YES;
				CURRENT_PROJECT_VERSION = 1;
				DEAD_CODE_STRIPPING = YES;
				DEVELOPMENT_TEAM = 2Y9M69QJKZ;
				ENABLE_HARDENED_RUNTIME = YES;
				GENERATE_INFOPLIST_FILE = YES;
				INFOPLIST_KEY_NSHumanReadableCopyright = "";
				INFOPLIST_KEY_NSMainNibFile = MainMenu;
				INFOPLIST_KEY_NSPrincipalClass = NSApplication;
				LD_RUNPATH_SEARCH_PATHS = (
					"$(inherited)",
					"@executable_path/../Frameworks",
				);
				MARKETING_VERSION = 1.0;
				PRODUCT_BUNDLE_IDENTIFIER = net.amiantos.Preview;
				PRODUCT_NAME = "$(TARGET_NAME)";
				SWIFT_COMPILATION_MODE = wholemodule;
				SWIFT_EMIT_LOC_STRINGS = YES;
				SWIFT_OPTIMIZATION_LEVEL = "-O";
				SWIFT_VERSION = 5.0;
			};
			name = Release;
		};
/* End XCBuildConfiguration section */

/* Begin XCConfigurationList section */
		44198BF32A3A6BB7004F22D5 /* Build configuration list for PBXProject "Ealain" */ = {
			isa = XCConfigurationList;
			buildConfigurations = (
				44198C002A3A6BB7004F22D5 /* Debug */,
				44198C012A3A6BB7004F22D5 /* Release */,
			);
			defaultConfigurationIsVisible = 0;
			defaultConfigurationName = Release;
		};
		44198C022A3A6BB7004F22D5 /* Build configuration list for PBXNativeTarget "Ealain" */ = {
			isa = XCConfigurationList;
			buildConfigurations = (
				44198C032A3A6BB7004F22D5 /* Debug */,
				44198C042A3A6BB7004F22D5 /* Release */,
			);
			defaultConfigurationIsVisible = 0;
			defaultConfigurationName = Release;
		};
		44198C172A3A6D78004F22D5 /* Build configuration list for PBXNativeTarget "Preview" */ = {
			isa = XCConfigurationList;
			buildConfigurations = (
				44198C182A3A6D78004F22D5 /* Debug */,
				44198C192A3A6D78004F22D5 /* Release */,
			);
			defaultConfigurationIsVisible = 0;
			defaultConfigurationName = Release;
		};
/* End XCConfigurationList section */
	};
	rootObject = 44198BF02A3A6BB7004F22D5 /* Project object */;
}
